# generated by rye
# use `rye lock` or `rye sync` to update this lockfile
#
# last locked with the following flags:
#   pre: false
#   features: []
#   all-features: false
#   with-sources: false
#   generate-hashes: false
#   universal: false

-e file:.
annotated-types==0.7.0
    # via pydantic
anyio==4.9.0
    # via httpx
    # via openai
    # via starlette
certifi==2025.6.15
    # via httpcore
    # via httpx
click==8.2.1
    # via uvicorn
distro==1.9.0
    # via openai
exceptiongroup==1.3.0
    # via anyio
fastapi==0.115.13
    # via voice-recorder
h11==0.16.0
    # via httpcore
    # via uvicorn
httpcore==1.0.9
    # via httpx
httpx==0.28.1
    # via openai
idna==3.10
    # via anyio
    # via httpx
jiter==0.10.0
    # via openai
openai==1.93.0
    # via voice-recorder
pydantic==2.11.7
    # via fastapi
    # via openai
pydantic-core==2.33.2
    # via pydantic
python-dotenv==1.1.1
    # via voice-recorder
python-multipart==0.0.20
    # via voice-recorder
sniffio==1.3.1
    # via anyio
    # via openai
starlette==0.46.2
    # via fastapi
tqdm==4.67.1
    # via openai
typing-extensions==4.14.0
    # via anyio
    # via exceptiongroup
    # via fastapi
    # via openai
    # via pydantic
    # via pydantic-core
    # via typing-inspection
    # via uvicorn
typing-inspection==0.4.1
    # via pydantic
uvicorn==0.34.3
    # via voice-recorder
websockets==15.0.1
    # via voice-recorder
